
Microsoft Visual Studio Solution File, Format Version 12.00
# Visual Studio Version 17
VisualStudioVersion = 17.9.34728.123
MinimumVisualStudioVersion = 10.0.40219.1
Project("{9A19103F-16F7-4668-BE54-9A1E7A4F7556}") = "TestEmployeeApp", "TestEmployeeApp\TestEmployeeApp.csproj", "{05C90AFC-7F8B-4219-98F6-9CE36A191CD0}"
EndProject
Global
	GlobalSection(SolutionConfigurationPlatforms) = preSolution
		Debug|Any CPU = Debug|Any CPU
		Release|Any CPU = Release|Any CPU
	EndGlobalSection
	GlobalSection(ProjectConfigurationPlatforms) = postSolution
		{05C90AFC-7F8B-4219-98F6-9CE36A191CD0}.Debug|Any CPU.ActiveCfg = Debug|Any CPU
		{05C90AFC-7F8B-4219-98F6-9CE36A191CD0}.Debug|Any CPU.Build.0 = Debug|Any CPU
		{05C90AFC-7F8B-4219-98F6-9CE36A191CD0}.Release|Any CPU.ActiveCfg = Release|Any CPU
		{05C90AFC-7F8B-4219-98F6-9CE36A191CD0}.Release|Any CPU.Build.0 = Release|Any CPU
	EndGlobalSection
	GlobalSection(SolutionProperties) = preSolution
		HideSolutionNode = FALSE
	EndGlobalSection
	GlobalSection(ExtensibilityGlobals) = postSolution
		SolutionGuid = {C1BF800F-7CD5-4174-908D-DF9AB5FBED1B}
	EndGlobalSection
EndGlobal
